
Microsoft Visual Studio Solution File, Format Version 12.00
# Visual Studio Version 17
VisualStudioVersion = 17.3.32819.101
MinimumVisualStudioVersion = 10.0.40219.1
Project("{FAE04EC0-301F-11D3-BF4B-00C04F79EFBC}") = "Name.PCBuilder.ConsoleHost", "Name.PCBuilder.ConsoleHost\Name.PCBuilder.ConsoleHost.csproj", "{D8FF82BF-F2E7-4B30-8958-EE23DD638CF5}"
EndProject
Global
	GlobalSection(SolutionConfigurationPlatforms) = preSolution
		Debug|Any CPU = Debug|Any CPU
		Release|Any CPU = Release|Any CPU
	EndGlobalSection
	GlobalSection(ProjectConfigurationPlatforms) = postSolution
		{D8FF82BF-F2E7-4B30-8958-EE23DD638CF5}.Debug|Any CPU.ActiveCfg = Debug|Any CPU
		{D8FF82BF-F2E7-4B30-8958-EE23DD638CF5}.Debug|Any CPU.Build.0 = Debug|Any CPU
		{D8FF82BF-F2E7-4B30-8958-EE23DD638CF5}.Release|Any CPU.ActiveCfg = Release|Any CPU
		{D8FF82BF-F2E7-4B30-8958-EE23DD638CF5}.Release|Any CPU.Build.0 = Release|Any CPU
	EndGlobalSection
	GlobalSection(SolutionProperties) = preSolution
		HideSolutionNode = FALSE
	EndGlobalSection
	GlobalSection(ExtensibilityGlobals) = postSolution
		SolutionGuid = {B7E2D486-7C31-404A-9FD3-815B0E5E4D7A}
	EndGlobalSection
EndGlobal
