
Microsoft Visual Studio Solution File, Format Version 12.00
# Visual Studio Version 17
VisualStudioVersion = 17.2.32630.192
MinimumVisualStudioVersion = 10.0.40219.1
Project("{9A19103F-16F7-4668-BE54-9A1E7A4F7556}") = "MovieLibrary.ConsoleHost", "MovieLibrary.ConsoleHost\MovieLibrary.ConsoleHost.csproj", "{7A8E3775-B35F-40ED-873C-E33CA02DCB0B}"
EndProject
Project("{9A19103F-16F7-4668-BE54-9A1E7A4F7556}") = "MovieLibrary", "MovieLibrary\MovieLibrary.csproj", "{2BBBF4D7-0673-40AC-B5DB-2FB619F8C35A}"
EndProject
Global
	GlobalSection(SolutionConfigurationPlatforms) = preSolution
		Debug|Any CPU = Debug|Any CPU
		Release|Any CPU = Release|Any CPU
	EndGlobalSection
	GlobalSection(ProjectConfigurationPlatforms) = postSolution
		{7A8E3775-B35F-40ED-873C-E33CA02DCB0B}.Debug|Any CPU.ActiveCfg = Debug|Any CPU
		{7A8E3775-B35F-40ED-873C-E33CA02DCB0B}.Debug|Any CPU.Build.0 = Debug|Any CPU
		{7A8E3775-B35F-40ED-873C-E33CA02DCB0B}.Release|Any CPU.ActiveCfg = Release|Any CPU
		{7A8E3775-B35F-40ED-873C-E33CA02DCB0B}.Release|Any CPU.Build.0 = Release|Any CPU
		{2BBBF4D7-0673-40AC-B5DB-2FB619F8C35A}.Debug|Any CPU.ActiveCfg = Debug|Any CPU
		{2BBBF4D7-0673-40AC-B5DB-2FB619F8C35A}.Debug|Any CPU.Build.0 = Debug|Any CPU
		{2BBBF4D7-0673-40AC-B5DB-2FB619F8C35A}.Release|Any CPU.ActiveCfg = Release|Any CPU
		{2BBBF4D7-0673-40AC-B5DB-2FB619F8C35A}.Release|Any CPU.Build.0 = Release|Any CPU
	EndGlobalSection
	GlobalSection(SolutionProperties) = preSolution
		HideSolutionNode = FALSE
	EndGlobalSection
	GlobalSection(ExtensibilityGlobals) = postSolution
		SolutionGuid = {1A5AF617-32C5-428C-91D4-1AF6A3A28F1B}
	EndGlobalSection
EndGlobal
