
Microsoft Visual Studio Solution File, Format Version 12.00
# Visual Studio Version 17
VisualStudioVersion = 17.2.32630.192
MinimumVisualStudioVersion = 10.0.40219.1
Project("{FAE04EC0-301F-11D3-BF4B-00C04F79EFBC}") = "Section1", "Section1\Section1.csproj", "{22B91BFE-62C0-4668-8A32-56EBC6627C57}"
EndProject
Global
	GlobalSection(SolutionConfigurationPlatforms) = preSolution
		Debug|Any CPU = Debug|Any CPU
		Release|Any CPU = Release|Any CPU
	EndGlobalSection
	GlobalSection(ProjectConfigurationPlatforms) = postSolution
		{22B91BFE-62C0-4668-8A32-56EBC6627C57}.Debug|Any CPU.ActiveCfg = Debug|Any CPU
		{22B91BFE-62C0-4668-8A32-56EBC6627C57}.Debug|Any CPU.Build.0 = Debug|Any CPU
		{22B91BFE-62C0-4668-8A32-56EBC6627C57}.Release|Any CPU.ActiveCfg = Release|Any CPU
		{22B91BFE-62C0-4668-8A32-56EBC6627C57}.Release|Any CPU.Build.0 = Release|Any CPU
	EndGlobalSection
	GlobalSection(SolutionProperties) = preSolution
		HideSolutionNode = FALSE
	EndGlobalSection
	GlobalSection(ExtensibilityGlobals) = postSolution
		SolutionGuid = {1A5AF617-32C5-428C-91D4-1AF6A3A28F1B}
	EndGlobalSection
EndGlobal
